
Microsoft Visual Studio Solution File, Format Version 12.00
# Visual Studio 15
VisualStudioVersion = 15.0.27130.2024
MinimumVisualStudioVersion = 10.0.40219.1
Project("{FAE04EC0-301F-11D3-BF4B-00C04F79EFBC}") = "ICA_10", "ICA_10\ICA_10.csproj", "{965439A0-7203-41C3-92A0-6AB750703B43}"
EndProject
Project("{FAE04EC0-301F-11D3-BF4B-00C04F79EFBC}") = "HelloWorldService", "HelloWorldService\HelloWorldService.csproj", "{912A81FE-6B4B-47E0-9428-D8A89E9F698D}"
EndProject
Global
	GlobalSection(SolutionConfigurationPlatforms) = preSolution
		Debug|Any CPU = Debug|Any CPU
		Release|Any CPU = Release|Any CPU
	EndGlobalSection
	GlobalSection(ProjectConfigurationPlatforms) = postSolution
		{965439A0-7203-41C3-92A0-6AB750703B43}.Debug|Any CPU.ActiveCfg = Debug|Any CPU
		{965439A0-7203-41C3-92A0-6AB750703B43}.Debug|Any CPU.Build.0 = Debug|Any CPU
		{965439A0-7203-41C3-92A0-6AB750703B43}.Release|Any CPU.ActiveCfg = Release|Any CPU
		{965439A0-7203-41C3-92A0-6AB750703B43}.Release|Any CPU.Build.0 = Release|Any CPU
		{912A81FE-6B4B-47E0-9428-D8A89E9F698D}.Debug|Any CPU.ActiveCfg = Debug|Any CPU
		{912A81FE-6B4B-47E0-9428-D8A89E9F698D}.Debug|Any CPU.Build.0 = Debug|Any CPU
		{912A81FE-6B4B-47E0-9428-D8A89E9F698D}.Release|Any CPU.ActiveCfg = Release|Any CPU
		{912A81FE-6B4B-47E0-9428-D8A89E9F698D}.Release|Any CPU.Build.0 = Release|Any CPU
	EndGlobalSection
	GlobalSection(SolutionProperties) = preSolution
		HideSolutionNode = FALSE
	EndGlobalSection
	GlobalSection(ExtensibilityGlobals) = postSolution
		SolutionGuid = {FBE14F0B-D8DA-44DB-A611-982630291E76}
	EndGlobalSection
EndGlobal
