
Microsoft Visual Studio Solution File, Format Version 12.00
# Visual Studio 15
VisualStudioVersion = 15.0.27130.2024
MinimumVisualStudioVersion = 10.0.40219.1
Project("{FAE04EC0-301F-11D3-BF4B-00C04F79EFBC}") = "IA_3", "IA_3\IA_3.csproj", "{95F7EBC0-8557-4BD9-9BDC-0F12922CB8FE}"
EndProject
Global
	GlobalSection(SolutionConfigurationPlatforms) = preSolution
		Debug|Any CPU = Debug|Any CPU
		Release|Any CPU = Release|Any CPU
	EndGlobalSection
	GlobalSection(ProjectConfigurationPlatforms) = postSolution
		{95F7EBC0-8557-4BD9-9BDC-0F12922CB8FE}.Debug|Any CPU.ActiveCfg = Debug|Any CPU
		{95F7EBC0-8557-4BD9-9BDC-0F12922CB8FE}.Debug|Any CPU.Build.0 = Debug|Any CPU
		{95F7EBC0-8557-4BD9-9BDC-0F12922CB8FE}.Release|Any CPU.ActiveCfg = Release|Any CPU
		{95F7EBC0-8557-4BD9-9BDC-0F12922CB8FE}.Release|Any CPU.Build.0 = Release|Any CPU
	EndGlobalSection
	GlobalSection(SolutionProperties) = preSolution
		HideSolutionNode = FALSE
	EndGlobalSection
	GlobalSection(ExtensibilityGlobals) = postSolution
		SolutionGuid = {B0940C7F-FEC4-49A0-B623-8743C6DB6023}
	EndGlobalSection
EndGlobal
