
Microsoft Visual Studio Solution File, Format Version 12.00
# Visual Studio 15
VisualStudioVersion = 15.0.27130.2010
MinimumVisualStudioVersion = 10.0.40219.1
Project("{FAE04EC0-301F-11D3-BF4B-00C04F79EFBC}") = "Quiz1", "Quiz1\Quiz1.csproj", "{93108E57-D1BC-4886-A00F-DA45C0D0D4DC}"
EndProject
Global
	GlobalSection(SolutionConfigurationPlatforms) = preSolution
		Debug|Any CPU = Debug|Any CPU
		Release|Any CPU = Release|Any CPU
	EndGlobalSection
	GlobalSection(ProjectConfigurationPlatforms) = postSolution
		{93108E57-D1BC-4886-A00F-DA45C0D0D4DC}.Debug|Any CPU.ActiveCfg = Debug|Any CPU
		{93108E57-D1BC-4886-A00F-DA45C0D0D4DC}.Debug|Any CPU.Build.0 = Debug|Any CPU
		{93108E57-D1BC-4886-A00F-DA45C0D0D4DC}.Release|Any CPU.ActiveCfg = Release|Any CPU
		{93108E57-D1BC-4886-A00F-DA45C0D0D4DC}.Release|Any CPU.Build.0 = Release|Any CPU
	EndGlobalSection
	GlobalSection(SolutionProperties) = preSolution
		HideSolutionNode = FALSE
	EndGlobalSection
	GlobalSection(ExtensibilityGlobals) = postSolution
		SolutionGuid = {646397D6-557D-40E6-95EE-89672FD96DBF}
	EndGlobalSection
EndGlobal
